
Microsoft Visual Studio Solution File, Format Version 12.00
# Visual Studio 14
VisualStudioVersion = 14.0.25420.1
MinimumVisualStudioVersion = 10.0.40219.1
Project("{FAE04EC0-301F-11D3-BF4B-00C04F79EFBC}") = "Tracktor.Domain", "Tracktor.Domain\Tracktor.Domain.csproj", "{465AE333-5C01-4B81-951D-2FF2D7E6BDBF}"
EndProject
Project("{FAE04EC0-301F-11D3-BF4B-00C04F79EFBC}") = "Tracktor.Web", "Tracktor.Web\Tracktor.Web.csproj", "{D6BF79FB-B15D-4FEB-93C4-C5268AC89496}"
	ProjectSection(ProjectDependencies) = postProject
		{B54BBD40-539D-4599-8A46-03F9E3D8D92A} = {B54BBD40-539D-4599-8A46-03F9E3D8D92A}
	EndProjectSection
EndProject
Project("{FAE04EC0-301F-11D3-BF4B-00C04F79EFBC}") = "Tracktor.DAL", "Tracktor.DAL\Tracktor.DAL.csproj", "{26D652ED-820C-4837-9639-0D683A5C0096}"
EndProject
Project("{FAE04EC0-301F-11D3-BF4B-00C04F79EFBC}") = "Tracktor.Mobile", "Tracktor.Mobile\Tracktor.Mobile.csproj", "{FDB6FD26-5CBA-44A4-89B5-525E3BB460D9}"
EndProject
Project("{FAE04EC0-301F-11D3-BF4B-00C04F79EFBC}") = "Tracktor.WebService", "Tracktor.WebService\Tracktor.WebService.csproj", "{B54BBD40-539D-4599-8A46-03F9E3D8D92A}"
EndProject
Global
	GlobalSection(SolutionConfigurationPlatforms) = preSolution
		Debug|Any CPU = Debug|Any CPU
		Debug|ARM = Debug|ARM
		Debug|x86 = Debug|x86
		Release|Any CPU = Release|Any CPU
		Release|ARM = Release|ARM
		Release|x86 = Release|x86
	EndGlobalSection
	GlobalSection(ProjectConfigurationPlatforms) = postSolution
		{465AE333-5C01-4B81-951D-2FF2D7E6BDBF}.Debug|Any CPU.ActiveCfg = Debug|Any CPU
		{465AE333-5C01-4B81-951D-2FF2D7E6BDBF}.Debug|Any CPU.Build.0 = Debug|Any CPU
		{465AE333-5C01-4B81-951D-2FF2D7E6BDBF}.Debug|ARM.ActiveCfg = Debug|Any CPU
		{465AE333-5C01-4B81-951D-2FF2D7E6BDBF}.Debug|ARM.Build.0 = Debug|Any CPU
		{465AE333-5C01-4B81-951D-2FF2D7E6BDBF}.Debug|x86.ActiveCfg = Debug|Any CPU
		{465AE333-5C01-4B81-951D-2FF2D7E6BDBF}.Debug|x86.Build.0 = Debug|Any CPU
		{465AE333-5C01-4B81-951D-2FF2D7E6BDBF}.Release|Any CPU.ActiveCfg = Release|Any CPU
		{465AE333-5C01-4B81-951D-2FF2D7E6BDBF}.Release|Any CPU.Build.0 = Release|Any CPU
		{465AE333-5C01-4B81-951D-2FF2D7E6BDBF}.Release|ARM.ActiveCfg = Release|Any CPU
		{465AE333-5C01-4B81-951D-2FF2D7E6BDBF}.Release|ARM.Build.0 = Release|Any CPU
		{465AE333-5C01-4B81-951D-2FF2D7E6BDBF}.Release|x86.ActiveCfg = Release|Any CPU
		{465AE333-5C01-4B81-951D-2FF2D7E6BDBF}.Release|x86.Build.0 = Release|Any CPU
		{D6BF79FB-B15D-4FEB-93C4-C5268AC89496}.Debug|Any CPU.ActiveCfg = Debug|Any CPU
		{D6BF79FB-B15D-4FEB-93C4-C5268AC89496}.Debug|Any CPU.Build.0 = Debug|Any CPU
		{D6BF79FB-B15D-4FEB-93C4-C5268AC89496}.Debug|ARM.ActiveCfg = Debug|Any CPU
		{D6BF79FB-B15D-4FEB-93C4-C5268AC89496}.Debug|ARM.Build.0 = Debug|Any CPU
		{D6BF79FB-B15D-4FEB-93C4-C5268AC89496}.Debug|x86.ActiveCfg = Debug|Any CPU
		{D6BF79FB-B15D-4FEB-93C4-C5268AC89496}.Debug|x86.Build.0 = Debug|Any CPU
		{D6BF79FB-B15D-4FEB-93C4-C5268AC89496}.Release|Any CPU.ActiveCfg = Release|Any CPU
		{D6BF79FB-B15D-4FEB-93C4-C5268AC89496}.Release|Any CPU.Build.0 = Release|Any CPU
		{D6BF79FB-B15D-4FEB-93C4-C5268AC89496}.Release|ARM.ActiveCfg = Release|Any CPU
		{D6BF79FB-B15D-4FEB-93C4-C5268AC89496}.Release|ARM.Build.0 = Release|Any CPU
		{D6BF79FB-B15D-4FEB-93C4-C5268AC89496}.Release|x86.ActiveCfg = Release|Any CPU
		{D6BF79FB-B15D-4FEB-93C4-C5268AC89496}.Release|x86.Build.0 = Release|Any CPU
		{26D652ED-820C-4837-9639-0D683A5C0096}.Debug|Any CPU.ActiveCfg = Debug|Any CPU
		{26D652ED-820C-4837-9639-0D683A5C0096}.Debug|Any CPU.Build.0 = Debug|Any CPU
		{26D652ED-820C-4837-9639-0D683A5C0096}.Debug|ARM.ActiveCfg = Debug|Any CPU
		{26D652ED-820C-4837-9639-0D683A5C0096}.Debug|ARM.Build.0 = Debug|Any CPU
		{26D652ED-820C-4837-9639-0D683A5C0096}.Debug|x86.ActiveCfg = Debug|Any CPU
		{26D652ED-820C-4837-9639-0D683A5C0096}.Debug|x86.Build.0 = Debug|Any CPU
		{26D652ED-820C-4837-9639-0D683A5C0096}.Release|Any CPU.ActiveCfg = Release|Any CPU
		{26D652ED-820C-4837-9639-0D683A5C0096}.Release|Any CPU.Build.0 = Release|Any CPU
		{26D652ED-820C-4837-9639-0D683A5C0096}.Release|ARM.ActiveCfg = Release|Any CPU
		{26D652ED-820C-4837-9639-0D683A5C0096}.Release|ARM.Build.0 = Release|Any CPU
		{26D652ED-820C-4837-9639-0D683A5C0096}.Release|x86.ActiveCfg = Release|Any CPU
		{26D652ED-820C-4837-9639-0D683A5C0096}.Release|x86.Build.0 = Release|Any CPU
		{FDB6FD26-5CBA-44A4-89B5-525E3BB460D9}.Debug|Any CPU.ActiveCfg = Debug|Any CPU
		{FDB6FD26-5CBA-44A4-89B5-525E3BB460D9}.Debug|Any CPU.Build.0 = Debug|Any CPU
		{FDB6FD26-5CBA-44A4-89B5-525E3BB460D9}.Debug|Any CPU.Deploy.0 = Debug|Any CPU
		{FDB6FD26-5CBA-44A4-89B5-525E3BB460D9}.Debug|ARM.ActiveCfg = Debug|ARM
		{FDB6FD26-5CBA-44A4-89B5-525E3BB460D9}.Debug|ARM.Build.0 = Debug|ARM
		{FDB6FD26-5CBA-44A4-89B5-525E3BB460D9}.Debug|ARM.Deploy.0 = Debug|ARM
		{FDB6FD26-5CBA-44A4-89B5-525E3BB460D9}.Debug|x86.ActiveCfg = Debug|x86
		{FDB6FD26-5CBA-44A4-89B5-525E3BB460D9}.Debug|x86.Build.0 = Debug|x86
		{FDB6FD26-5CBA-44A4-89B5-525E3BB460D9}.Debug|x86.Deploy.0 = Debug|x86
		{FDB6FD26-5CBA-44A4-89B5-525E3BB460D9}.Release|Any CPU.ActiveCfg = Release|Any CPU
		{FDB6FD26-5CBA-44A4-89B5-525E3BB460D9}.Release|Any CPU.Build.0 = Release|Any CPU
		{FDB6FD26-5CBA-44A4-89B5-525E3BB460D9}.Release|Any CPU.Deploy.0 = Release|Any CPU
		{FDB6FD26-5CBA-44A4-89B5-525E3BB460D9}.Release|ARM.ActiveCfg = Release|ARM
		{FDB6FD26-5CBA-44A4-89B5-525E3BB460D9}.Release|ARM.Build.0 = Release|ARM
		{FDB6FD26-5CBA-44A4-89B5-525E3BB460D9}.Release|ARM.Deploy.0 = Release|ARM
		{FDB6FD26-5CBA-44A4-89B5-525E3BB460D9}.Release|x86.ActiveCfg = Release|x86
		{FDB6FD26-5CBA-44A4-89B5-525E3BB460D9}.Release|x86.Build.0 = Release|x86
		{FDB6FD26-5CBA-44A4-89B5-525E3BB460D9}.Release|x86.Deploy.0 = Release|x86
		{B54BBD40-539D-4599-8A46-03F9E3D8D92A}.Debug|Any CPU.ActiveCfg = Debug|Any CPU
		{B54BBD40-539D-4599-8A46-03F9E3D8D92A}.Debug|Any CPU.Build.0 = Debug|Any CPU
		{B54BBD40-539D-4599-8A46-03F9E3D8D92A}.Debug|ARM.ActiveCfg = Debug|Any CPU
		{B54BBD40-539D-4599-8A46-03F9E3D8D92A}.Debug|ARM.Build.0 = Debug|Any CPU
		{B54BBD40-539D-4599-8A46-03F9E3D8D92A}.Debug|x86.ActiveCfg = Debug|Any CPU
		{B54BBD40-539D-4599-8A46-03F9E3D8D92A}.Debug|x86.Build.0 = Debug|Any CPU
		{B54BBD40-539D-4599-8A46-03F9E3D8D92A}.Release|Any CPU.ActiveCfg = Release|Any CPU
		{B54BBD40-539D-4599-8A46-03F9E3D8D92A}.Release|Any CPU.Build.0 = Release|Any CPU
		{B54BBD40-539D-4599-8A46-03F9E3D8D92A}.Release|ARM.ActiveCfg = Release|Any CPU
		{B54BBD40-539D-4599-8A46-03F9E3D8D92A}.Release|ARM.Build.0 = Release|Any CPU
		{B54BBD40-539D-4599-8A46-03F9E3D8D92A}.Release|x86.ActiveCfg = Release|Any CPU
		{B54BBD40-539D-4599-8A46-03F9E3D8D92A}.Release|x86.Build.0 = Release|Any CPU
	EndGlobalSection
	GlobalSection(SolutionProperties) = preSolution
		HideSolutionNode = FALSE
	EndGlobalSection
EndGlobal
